
Microsoft Visual Studio Solution File, Format Version 12.00
# Visual Studio Version 17
VisualStudioVersion = 17.4.33205.214
MinimumVisualStudioVersion = 10.0.40219.1
Project("{FAE04EC0-301F-11D3-BF4B-00C04F79EFBC}") = "OfficeLeagueAPI", "OfficeLeagueAPI\OfficeLeagueAPI.csproj", "{8B44E1EB-D23C-4E8A-BB45-7B3FFD1F89FD}"
EndProject
Project("{E53339B2-1760-4266-BCC7-CA923CBCF16C}") = "docker-compose", "docker-compose.dcproj", "{F2AEA1E8-5018-45A9-93EE-650DB0CAA7C8}"
EndProject
Global
	GlobalSection(SolutionConfigurationPlatforms) = preSolution
		Debug|Any CPU = Debug|Any CPU
		Release|Any CPU = Release|Any CPU
	EndGlobalSection
	GlobalSection(ProjectConfigurationPlatforms) = postSolution
		{8B44E1EB-D23C-4E8A-BB45-7B3FFD1F89FD}.Debug|Any CPU.ActiveCfg = Debug|Any CPU
		{8B44E1EB-D23C-4E8A-BB45-7B3FFD1F89FD}.Debug|Any CPU.Build.0 = Debug|Any CPU
		{8B44E1EB-D23C-4E8A-BB45-7B3FFD1F89FD}.Release|Any CPU.ActiveCfg = Release|Any CPU
		{8B44E1EB-D23C-4E8A-BB45-7B3FFD1F89FD}.Release|Any CPU.Build.0 = Release|Any CPU
		{F2AEA1E8-5018-45A9-93EE-650DB0CAA7C8}.Debug|Any CPU.ActiveCfg = Debug|Any CPU
		{F2AEA1E8-5018-45A9-93EE-650DB0CAA7C8}.Debug|Any CPU.Build.0 = Debug|Any CPU
		{F2AEA1E8-5018-45A9-93EE-650DB0CAA7C8}.Release|Any CPU.ActiveCfg = Release|Any CPU
		{F2AEA1E8-5018-45A9-93EE-650DB0CAA7C8}.Release|Any CPU.Build.0 = Release|Any CPU
	EndGlobalSection
	GlobalSection(SolutionProperties) = preSolution
		HideSolutionNode = FALSE
	EndGlobalSection
	GlobalSection(ExtensibilityGlobals) = postSolution
		SolutionGuid = {302C2A4B-CADA-4061-9089-587CB80F6EC4}
	EndGlobalSection
EndGlobal
